{
  "name": "lion-lib-test",
  "version": "1.0.0",
  "lockfileVersion": 1,
  "requires": true,
  "dependencies": {
    "lion-lib-vinay": {
      "version": "1.1.0",
      "resolved": "https://registry.npmjs.org/lion-lib-vinay/-/lion-lib-vinay-1.1.0.tgz",
      "integrity": "sha512-NvEoFvKTn7rtAD2eLJ7ovCTiJe+mOrhASIt0/kwtdGtoBi27YiGU/5xg0BzoKKtvNSX25SISzqZrZZYAHTHJRg=="
    }
  }
}
